
Microsoft Visual Studio Solution File, Format Version 12.00
# Visual Studio Version 17
VisualStudioVersion = 17.6.33723.286
MinimumVisualStudioVersion = 10.0.40219.1
Project("{FAE04EC0-301F-11D3-BF4B-00C04F79EFBC}") = "generic collections", "generic collections\generic collections.csproj", "{DE65AFCC-22CC-46CA-9C94-6A769C763BE3}"
EndProject
Global
	GlobalSection(SolutionConfigurationPlatforms) = preSolution
		Debug|Any CPU = Debug|Any CPU
		Release|Any CPU = Release|Any CPU
	EndGlobalSection
	GlobalSection(ProjectConfigurationPlatforms) = postSolution
		{DE65AFCC-22CC-46CA-9C94-6A769C763BE3}.Debug|Any CPU.ActiveCfg = Debug|Any CPU
		{DE65AFCC-22CC-46CA-9C94-6A769C763BE3}.Debug|Any CPU.Build.0 = Debug|Any CPU
		{DE65AFCC-22CC-46CA-9C94-6A769C763BE3}.Release|Any CPU.ActiveCfg = Release|Any CPU
		{DE65AFCC-22CC-46CA-9C94-6A769C763BE3}.Release|Any CPU.Build.0 = Release|Any CPU
	EndGlobalSection
	GlobalSection(SolutionProperties) = preSolution
		HideSolutionNode = FALSE
	EndGlobalSection
	GlobalSection(ExtensibilityGlobals) = postSolution
		SolutionGuid = {28882000-4FA5-448B-AAFB-5FA230B1A9AE}
	EndGlobalSection
EndGlobal
